
Microsoft Visual Studio Solution File, Format Version 12.00
Project("{FAE04EC0-301F-11D3-BF4B-00C04F79EFBC}") = "Lecture01", "Lecture01\Lecture01.csproj", "{6A28B4C9-7040-4E88-99AA-8E144F9B73FE}"
EndProject
Global
	GlobalSection(SolutionConfigurationPlatforms) = preSolution
		Debug|Any CPU = Debug|Any CPU
		Release|Any CPU = Release|Any CPU
	EndGlobalSection
	GlobalSection(ProjectConfigurationPlatforms) = postSolution
		{6A28B4C9-7040-4E88-99AA-8E144F9B73FE}.Debug|Any CPU.ActiveCfg = Debug|Any CPU
		{6A28B4C9-7040-4E88-99AA-8E144F9B73FE}.Debug|Any CPU.Build.0 = Debug|Any CPU
		{6A28B4C9-7040-4E88-99AA-8E144F9B73FE}.Release|Any CPU.ActiveCfg = Release|Any CPU
		{6A28B4C9-7040-4E88-99AA-8E144F9B73FE}.Release|Any CPU.Build.0 = Release|Any CPU
	EndGlobalSection
EndGlobal
